// !$*UTF8*$!
{
	archiveVersion = 1;
	classes = {
	};
	objectVersion = 50;
	objects = {

/* Begin PBXBuildFile section */
		FCE6DDB624FA3E9B00C2F69E /* AppDelegate.swift in Sources */ = {isa = PBXBuildFile; fileRef = FCE6DDB524FA3E9B00C2F69E /* AppDelegate.swift */; };
		FCE6DDB824FA3E9B00C2F69E /* SceneDelegate.swift in Sources */ = {isa = PBXBuildFile; fileRef = FCE6DDB724FA3E9B00C2F69E /* SceneDelegate.swift */; };
		FCE6DDBA24FA3E9B00C2F69E /* ViewController.swift in Sources */ = {isa = PBXBuildFile; fileRef = FCE6DDB924FA3E9B00C2F69E /* ViewController.swift */; };
		FCE6DDBD24FA3E9B00C2F69E /* Main.storyboard in Resources */ = {isa = PBXBuildFile; fileRef = FCE6DDBB24FA3E9B00C2F69E /* Main.storyboard */; };
		FCE6DDC024FA3E9B00C2F69E /* AlisverisListesi.xcdatamodeld in Sources */ = {isa = PBXBuildFile; fileRef = FCE6DDBE24FA3E9B00C2F69E /* AlisverisListesi.xcdatamodeld */; };
		FCE6DDC224FA3E9E00C2F69E /* Assets.xcassets in Resources */ = {isa = PBXBuildFile; fileRef = FCE6DDC124FA3E9E00C2F69E /* Assets.xcassets */; };
		FCE6DDC524FA3E9E00C2F69E /* LaunchScreen.storyboard in Resources */ = {isa = PBXBuildFile; fileRef = FCE6DDC324FA3E9E00C2F69E /* LaunchScreen.storyboard */; };
		FCE6DDCD24FA468600C2F69E /* DetailsViewController.swift in Sources */ = {isa = PBXBuildFile; fileRef = FCE6DDCC24FA468600C2F69E /* DetailsViewController.swift */; };
/* End PBXBuildFile section */

/* Begin PBXFileReference section */
		FCE6DDB224FA3E9B00C2F69E /* AlisverisListesi.app */ = {isa = PBXFileReference; explicitFileType = wrapper.application; includeInIndex = 0; path = AlisverisListesi.app; sourceTree = BUILT_PRODUCTS_DIR; };
		FCE6DDB524FA3E9B00C2F69E /* AppDelegate.swift */ = {isa = PBXFileReference; lastKnownFileType = sourcecode.swift; path = AppDelegate.swift; sourceTree = "<group>"; };
		FCE6DDB724FA3E9B00C2F69E /* SceneDelegate.swift */ = {isa = PBXFileReference; lastKnownFileType = sourcecode.swift; path = SceneDelegate.swift; sourceTree = "<group>"; };
		FCE6DDB924FA3E9B00C2F69E /* ViewController.swift */ = {isa = PBXFileReference; lastKnownFileType = sourcecode.swift; path = ViewController.swift; sourceTree = "<group>"; };
		FCE6DDBC24FA3E9B00C2F69E /* Base */ = {isa = PBXFileReference; lastKnownFileType = file.storyboard; name = Base; path = Base.lproj/Main.storyboard; sourceTree = "<group>"; };
		FCE6DDBF24FA3E9B00C2F69E /* AlisverisListesi.xcdatamodel */ = {isa = PBXFileReference; lastKnownFileType = wrapper.xcdatamodel; path = AlisverisListesi.xcdatamodel; sourceTree = "<group>"; };
		FCE6DDC124FA3E9E00C2F69E /* Assets.xcassets */ = {isa = PBXFileReference; lastKnownFileType = folder.assetcatalog; path = Assets.xcassets; sourceTree = "<group>"; };
		FCE6DDC424FA3E9E00C2F69E /* Base */ = {isa = PBXFileReference; lastKnownFileType = file.storyboard; name = Base; path = Base.lproj/LaunchScreen.storyboard; sourceTree = "<group>"; };
		FCE6DDC624FA3E9E00C2F69E /* Info.plist */ = {isa = PBXFileReference; lastKnownFileType = text.plist.xml; path = Info.plist; sourceTree = "<group>"; };
		FCE6DDCC24FA468600C2F69E /* DetailsViewController.swift */ = {isa = PBXFileReference; lastKnownFileType = sourcecode.swift; path = DetailsViewController.swift; sourceTree = "<group>"; };
/* End PBXFileReference section */

/* Begin PBXFrameworksBuildPhase section */
		FCE6DDAF24FA3E9B00C2F69E /* Frameworks */ = {
			isa = PBXFrameworksBuildPhase;
			buildActionMask = 2147483647;
			files = (
			);
			runOnlyForDeploymentPostprocessing = 0;
		};
/* End PBXFrameworksBuildPhase section */

/* Begin PBXGroup section */
		FCE6DDA924FA3E9B00C2F69E = {
			isa = PBXGroup;
			children = (
				FCE6DDB424FA3E9B00C2F69E /* AlisverisListesi */,
				FCE6DDB324FA3E9B00C2F69E /* Products */,
			);
			sourceTree = "<group>";
		};
		FCE6DDB324FA3E9B00C2F69E /* Products */ = {
			isa = PBXGroup;
			children = (
				FCE6DDB224FA3E9B00C2F69E /* AlisverisListesi.app */,
			);
			name = Products;
			sourceTree = "<group>";
		};
		FCE6DDB424FA3E9B00C2F69E /* AlisverisListesi */ = {
			isa = PBXGroup;
			children = (
				FCE6DDB524FA3E9B00C2F69E /* AppDelegate.swift */,
				FCE6DDB724FA3E9B00C2F69E /* SceneDelegate.swift */,
				FCE6DDB924FA3E9B00C2F69E /* ViewController.swift */,
				FCE6DDCC24FA468600C2F69E /* DetailsViewController.swift */,
				FCE6DDBB24FA3E9B00C2F69E /* Main.storyboard */,
				FCE6DDC124FA3E9E00C2F69E /* Assets.xcassets */,
				FCE6DDC324FA3E9E00C2F69E /* LaunchScreen.storyboard */,
				FCE6DDC624FA3E9E00C2F69E /* Info.plist */,
				FCE6DDBE24FA3E9B00C2F69E /* AlisverisListesi.xcdatamodeld */,
			);
			path = AlisverisListesi;
			sourceTree = "<group>";
		};
/* End PBXGroup section */

/* Begin PBXNativeTarget section */
		FCE6DDB124FA3E9B00C2F69E /* AlisverisListesi */ = {
			isa = PBXNativeTarget;
			buildConfigurationList = FCE6DDC924FA3E9E00C2F69E /* Build configuration list for PBXNativeTarget "AlisverisListesi" */;
			buildPhases = (
				FCE6DDAE24FA3E9B00C2F69E /* Sources */,
				FCE6DDAF24FA3E9B00C2F69E /* Frameworks */,
				FCE6DDB024FA3E9B00C2F69E /* Resources */,
			);
			buildRules = (
			);
			dependencies = (
			);
			name = AlisverisListesi;
			productName = AlisverisListesi;
			productReference = FCE6DDB224FA3E9B00C2F69E /* AlisverisListesi.app */;
			productType = "com.apple.product-type.application";
		};
/* End PBXNativeTarget section */

/* Begin PBXProject section */
		FCE6DDAA24FA3E9B00C2F69E /* Project object */ = {
			isa = PBXProject;
			attributes = {
				LastSwiftUpdateCheck = 1200;
				LastUpgradeCheck = 1200;
				TargetAttributes = {
					FCE6DDB124FA3E9B00C2F69E = {
						CreatedOnToolsVersion = 12.0;
					};
				};
			};
			buildConfigurationList = FCE6DDAD24FA3E9B00C2F69E /* Build configuration list for PBXProject "AlisverisListesi" */;
			compatibilityVersion = "Xcode 9.3";
			developmentRegion = en;
			hasScannedForEncodings = 0;
			knownRegions = (
				en,
				Base,
			);
			mainGroup = FCE6DDA924FA3E9B00C2F69E;
			productRefGroup = FCE6DDB324FA3E9B00C2F69E /* Products */;
			projectDirPath = "";
			projectRoot = "";
			targets = (
				FCE6DDB124FA3E9B00C2F69E /* AlisverisListesi */,
			);
		};
/* End PBXProject section */

/* Begin PBXResourcesBuildPhase section */
		FCE6DDB024FA3E9B00C2F69E /* Resources */ = {
			isa = PBXResourcesBuildPhase;
			buildActionMask = 2147483647;
			files = (
				FCE6DDC524FA3E9E00C2F69E /* LaunchScreen.storyboard in Resources */,
				FCE6DDC224FA3E9E00C2F69E /* Assets.xcassets in Resources */,
				FCE6DDBD24FA3E9B00C2F69E /* Main.storyboard in Resources */,
			);
			runOnlyForDeploymentPostprocessing = 0;
		};
/* End PBXResourcesBuildPhase section */

/* Begin PBXSourcesBuildPhase section */
		FCE6DDAE24FA3E9B00C2F69E /* Sources */ = {
			isa = PBXSourcesBuildPhase;
			buildActionMask = 2147483647;
			files = (
				FCE6DDC024FA3E9B00C2F69E /* AlisverisListesi.xcdatamodeld in Sources */,
				FCE6DDBA24FA3E9B00C2F69E /* ViewController.swift in Sources */,
				FCE6DDB624FA3E9B00C2F69E /* AppDelegate.swift in Sources */,
				FCE6DDB824FA3E9B00C2F69E /* SceneDelegate.swift in Sources */,
				FCE6DDCD24FA468600C2F69E /* DetailsViewController.swift in Sources */,
			);
			runOnlyForDeploymentPostprocessing = 0;
		};
/* End PBXSourcesBuildPhase section */

/* Begin PBXVariantGroup section */
		FCE6DDBB24FA3E9B00C2F69E /* Main.storyboard */ = {
			isa = PBXVariantGroup;
			children = (
				FCE6DDBC24FA3E9B00C2F69E /* Base */,
			);
			name = Main.storyboard;
			sourceTree = "<group>";
		};
		FCE6DDC324FA3E9E00C2F69E /* LaunchScreen.storyboard */ = {
			isa = PBXVariantGroup;
			children = (
				FCE6DDC424FA3E9E00C2F69E /* Base */,
			);
			name = LaunchScreen.storyboard;
			sourceTree = "<group>";
		};
/* End PBXVariantGroup section */

/* Begin XCBuildConfiguration section */
		FCE6DDC724FA3E9E00C2F69E /* Debug */ = {
			isa = XCBuildConfiguration;
			buildSettings = {
				ALWAYS_SEARCH_USER_PATHS = NO;
				CLANG_ANALYZER_NONNULL = YES;
				CLANG_ANALYZER_NUMBER_OBJECT_CONVERSION = YES_AGGRESSIVE;
				CLANG_CXX_LANGUAGE_STANDARD = "gnu++14";
				CLANG_CXX_LIBRARY = "libc++";
				CLANG_ENABLE_MODULES = YES;
				CLANG_ENABLE_OBJC_ARC = YES;
				CLANG_ENABLE_OBJC_WEAK = YES;
				CLANG_WARN_BLOCK_CAPTURE_AUTORELEASING = YES;
				CLANG_WARN_BOOL_CONVERSION = YES;
				CLANG_WARN_COMMA = YES;
				CLANG_WARN_CONSTANT_CONVERSION = YES;
				CLANG_WARN_DEPRECATED_OBJC_IMPLEMENTATIONS = YES;
				CLANG_WARN_DIRECT_OBJC_ISA_USAGE = YES_ERROR;
				CLANG_WARN_DOCUMENTATION_COMMENTS = YES;
				CLANG_WARN_EMPTY_BODY = YES;
				CLANG_WARN_ENUM_CONVERSION = YES;
				CLANG_WARN_INFINITE_RECURSION = YES;
				CLANG_WARN_INT_CONVERSION = YES;
				CLANG_WARN_NON_LITERAL_NULL_CONVERSION = YES;
				CLANG_WARN_OBJC_IMPLICIT_RETAIN_SELF = YES;
				CLANG_WARN_OBJC_LITERAL_CONVERSION = YES;
				CLANG_WARN_OBJC_ROOT_CLASS = YES_ERROR;
				CLANG_WARN_QUOTED_INCLUDE_IN_FRAMEWORK_HEADER = YES;
				CLANG_WARN_RANGE_LOOP_ANALYSIS = YES;
				CLANG_WARN_STRICT_PROTOTYPES = YES;
				CLANG_WARN_SUSPICIOUS_MOVE = YES;
				CLANG_WARN_UNGUARDED_AVAILABILITY = YES_AGGRESSIVE;
				CLANG_WARN_UNREACHABLE_CODE = YES;
				CLANG_WARN__DUPLICATE_METHOD_MATCH = YES;
				COPY_PHASE_STRIP = NO;
				DEBUG_INFORMATION_FORMAT = dwarf;
				ENABLE_STRICT_OBJC_MSGSEND = YES;
				ENABLE_TESTABILITY = YES;
				GCC_C_LANGUAGE_STANDARD = gnu11;
				GCC_DYNAMIC_NO_PIC = NO;
				GCC_NO_COMMON_BLOCKS = YES;
				GCC_OPTIMIZATION_LEVEL = 0;
				GCC_PREPROCESSOR_DEFINITIONS = (
					"DEBUG=1",
					"$(inherited)",
				);
				GCC_WARN_64_TO_32_BIT_CONVERSION = YES;
				GCC_WARN_ABOUT_RETURN_TYPE = YES_ERROR;
				GCC_WARN_UNDECLARED_SELECTOR = YES;
				GCC_WARN_UNINITIALIZED_AUTOS = YES_AGGRESSIVE;
				GCC_WARN_UNUSED_FUNCTION = YES;
				GCC_WARN_UNUSED_VARIABLE = YES;
				IPHONEOS_DEPLOYMENT_TARGET = 14.0;
				MTL_ENABLE_DEBUG_INFO = INCLUDE_SOURCE;
				MTL_FAST_MATH = YES;
				ONLY_ACTIVE_ARCH = YES;
				SDKROOT = iphoneos;
				SWIFT_ACTIVE_COMPILATION_CONDITIONS = DEBUG;
				SWIFT_OPTIMIZATION_LEVEL = "-Onone";
			};
			name = Debug;
		};
		FCE6DDC824FA3E9E00C2F69E /* Release */ = {
			isa = XCBuildConfiguration;
			buildSettings = {
				ALWAYS_SEARCH_USER_PATHS = NO;
				CLANG_ANALYZER_NONNULL = YES;
				CLANG_ANALYZER_NUMBER_OBJECT_CONVERSION = YES_AGGRESSIVE;
				CLANG_CXX_LANGUAGE_STANDARD = "gnu++14";
				CLANG_CXX_LIBRARY = "libc++";
				CLANG_ENABLE_MODULES = YES;
				CLANG_ENABLE_OBJC_ARC = YES;
				CLANG_ENABLE_OBJC_WEAK = YES;
				CLANG_WARN_BLOCK_CAPTURE_AUTORELEASING = YES;
				CLANG_WARN_BOOL_CONVERSION = YES;
				CLANG_WARN_COMMA = YES;
				CLANG_WARN_CONSTANT_CONVERSION = YES;
				CLANG_WARN_DEPRECATED_OBJC_IMPLEMENTATIONS = YES;
				CLANG_WARN_DIRECT_OBJC_ISA_USAGE = YES_ERROR;
				CLANG_WARN_DOCUMENTATION_COMMENTS = YES;
				CLANG_WARN_EMPTY_BODY = YES;
				CLANG_WARN_ENUM_CONVERSION = YES;
				CLANG_WARN_INFINITE_RECURSION = YES;
				CLANG_WARN_INT_CONVERSION = YES;
				CLANG_WARN_NON_LITERAL_NULL_CONVERSION = YES;
				CLANG_WARN_OBJC_IMPLICIT_RETAIN_SELF = YES;
				CLANG_WARN_OBJC_LITERAL_CONVERSION = YES;
				CLANG_WARN_OBJC_ROOT_CLASS = YES_ERROR;
				CLANG_WARN_QUOTED_INCLUDE_IN_FRAMEWORK_HEADER = YES;
				CLANG_WARN_RANGE_LOOP_ANALYSIS = YES;
				CLANG_WARN_STRICT_PROTOTYPES = YES;
				CLANG_WARN_SUSPICIOUS_MOVE = YES;
				CLANG_WARN_UNGUARDED_AVAILABILITY = YES_AGGRESSIVE;
				CLANG_WARN_UNREACHABLE_CODE = YES;
				CLANG_WARN__DUPLICATE_METHOD_MATCH = YES;
				COPY_PHASE_STRIP = NO;
				DEBUG_INFORMATION_FORMAT = "dwarf-with-dsym";
				ENABLE_NS_ASSERTIONS = NO;
				ENABLE_STRICT_OBJC_MSGSEND = YES;
				GCC_C_LANGUAGE_STANDARD = gnu11;
				GCC_NO_COMMON_BLOCKS = YES;
				GCC_WARN_64_TO_32_BIT_CONVERSION = YES;
				GCC_WARN_ABOUT_RETURN_TYPE = YES_ERROR;
				GCC_WARN_UNDECLARED_SELECTOR = YES;
				GCC_WARN_UNINITIALIZED_AUTOS = YES_AGGRESSIVE;
				GCC_WARN_UNUSED_FUNCTION = YES;
				GCC_WARN_UNUSED_VARIABLE = YES;
				IPHONEOS_DEPLOYMENT_TARGET = 14.0;
				MTL_ENABLE_DEBUG_INFO = NO;
				MTL_FAST_MATH = YES;
				SDKROOT = iphoneos;
				SWIFT_COMPILATION_MODE = wholemodule;
				SWIFT_OPTIMIZATION_LEVEL = "-O";
				VALIDATE_PRODUCT = YES;
			};
			name = Release;
		};
		FCE6DDCA24FA3E9E00C2F69E /* Debug */ = {
			isa = XCBuildConfiguration;
			buildSettings = {
				ASSETCATALOG_COMPILER_APPICON_NAME = AppIcon;
				ASSETCATALOG_COMPILER_GLOBAL_ACCENT_COLOR_NAME = AccentColor;
				CODE_SIGN_STYLE = Automatic;
				DEVELOPMENT_TEAM = 7SH627DBA4;
				INFOPLIST_FILE = AlisverisListesi/Info.plist;
				LD_RUNPATH_SEARCH_PATHS = (
					"$(inherited)",
					"@executable_path/Frameworks",
				);
				PRODUCT_BUNDLE_IDENTIFIER = com.atilsamancioglu.AlisverisListesi;
				PRODUCT_NAME = "$(TARGET_NAME)";
				SWIFT_VERSION = 5.0;
				TARGETED_DEVICE_FAMILY = "1,2";
			};
			name = Debug;
		};
		FCE6DDCB24FA3E9E00C2F69E /* Release */ = {
			isa = XCBuildConfiguration;
			buildSettings = {
				ASSETCATALOG_COMPILER_APPICON_NAME = AppIcon;
				ASSETCATALOG_COMPILER_GLOBAL_ACCENT_COLOR_NAME = AccentColor;
				CODE_SIGN_STYLE = Automatic;
				DEVELOPMENT_TEAM = 7SH627DBA4;
				INFOPLIST_FILE = AlisverisListesi/Info.plist;
				LD_RUNPATH_SEARCH_PATHS = (
					"$(inherited)",
					"@executable_path/Frameworks",
				);
				PRODUCT_BUNDLE_IDENTIFIER = com.atilsamancioglu.AlisverisListesi;
				PRODUCT_NAME = "$(TARGET_NAME)";
				SWIFT_VERSION = 5.0;
				TARGETED_DEVICE_FAMILY = "1,2";
			};
			name = Release;
		};
/* End XCBuildConfiguration section */

/* Begin XCConfigurationList section */
		FCE6DDAD24FA3E9B00C2F69E /* Build configuration list for PBXProject "AlisverisListesi" */ = {
			isa = XCConfigurationList;
			buildConfigurations = (
				FCE6DDC724FA3E9E00C2F69E /* Debug */,
				FCE6DDC824FA3E9E00C2F69E /* Release */,
			);
			defaultConfigurationIsVisible = 0;
			defaultConfigurationName = Release;
		};
		FCE6DDC924FA3E9E00C2F69E /* Build configuration list for PBXNativeTarget "AlisverisListesi" */ = {
			isa = XCConfigurationList;
			buildConfigurations = (
				FCE6DDCA24FA3E9E00C2F69E /* Debug */,
				FCE6DDCB24FA3E9E00C2F69E /* Release */,
			);
			defaultConfigurationIsVisible = 0;
			defaultConfigurationName = Release;
		};
/* End XCConfigurationList section */

/* Begin XCVersionGroup section */
		FCE6DDBE24FA3E9B00C2F69E /* AlisverisListesi.xcdatamodeld */ = {
			isa = XCVersionGroup;
			children = (
				FCE6DDBF24FA3E9B00C2F69E /* AlisverisListesi.xcdatamodel */,
			);
			currentVersion = FCE6DDBF24FA3E9B00C2F69E /* AlisverisListesi.xcdatamodel */;
			path = AlisverisListesi.xcdatamodeld;
			sourceTree = "<group>";
			versionGroupType = wrapper.xcdatamodel;
		};
/* End XCVersionGroup section */
	};
	rootObject = FCE6DDAA24FA3E9B00C2F69E /* Project object */;
}
